
Microsoft Visual Studio Solution File, Format Version 12.00
# Visual Studio Version 17
VisualStudioVersion = 17.5.33530.505
MinimumVisualStudioVersion = 10.0.40219.1
Project("{8BC9CEB8-8B4A-11D0-8D11-00A0C91BC942}") = "removeEmptySubDirs", "removeEmptySubDirs.vcxproj", "{CBCA5835-9B39-4749-89A4-69987AB3A2AB}"
EndProject
Global
	GlobalSection(SolutionConfigurationPlatforms) = preSolution
		Debug|x64 = Debug|x64
		Debug|x86 = Debug|x86
		Release|x64 = Release|x64
		Release|x86 = Release|x86
	EndGlobalSection
	GlobalSection(ProjectConfigurationPlatforms) = postSolution
		{CBCA5835-9B39-4749-89A4-69987AB3A2AB}.Debug|x64.ActiveCfg = Debug|x64
		{CBCA5835-9B39-4749-89A4-69987AB3A2AB}.Debug|x64.Build.0 = Debug|x64
		{CBCA5835-9B39-4749-89A4-69987AB3A2AB}.Debug|x86.ActiveCfg = Debug|Win32
		{CBCA5835-9B39-4749-89A4-69987AB3A2AB}.Debug|x86.Build.0 = Debug|Win32
		{CBCA5835-9B39-4749-89A4-69987AB3A2AB}.Release|x64.ActiveCfg = Release|x64
		{CBCA5835-9B39-4749-89A4-69987AB3A2AB}.Release|x64.Build.0 = Release|x64
		{CBCA5835-9B39-4749-89A4-69987AB3A2AB}.Release|x86.ActiveCfg = Release|Win32
		{CBCA5835-9B39-4749-89A4-69987AB3A2AB}.Release|x86.Build.0 = Release|Win32
	EndGlobalSection
	GlobalSection(SolutionProperties) = preSolution
		HideSolutionNode = FALSE
	EndGlobalSection
	GlobalSection(ExtensibilityGlobals) = postSolution
		SolutionGuid = {391EAE89-D387-4DD0-A871-691CDAEAF64E}
	EndGlobalSection
EndGlobal
